
Microsoft Visual Studio Solution File, Format Version 12.00
# Visual Studio Version 16
VisualStudioVersion = 16.0.30611.23
MinimumVisualStudioVersion = 10.0.40219.1
Project("{FAE04EC0-301F-11D3-BF4B-00C04F79EFBC}") = "SAOS.Series", "SAOS.Series\SAOS.Series.csproj", "{59AE1125-1FEF-48EB-B903-20E53AE4A5B4}"
EndProject
Global
	GlobalSection(SolutionConfigurationPlatforms) = preSolution
		Debug|Any CPU = Debug|Any CPU
		Release|Any CPU = Release|Any CPU
	EndGlobalSection
	GlobalSection(ProjectConfigurationPlatforms) = postSolution
		{59AE1125-1FEF-48EB-B903-20E53AE4A5B4}.Debug|Any CPU.ActiveCfg = Debug|Any CPU
		{59AE1125-1FEF-48EB-B903-20E53AE4A5B4}.Debug|Any CPU.Build.0 = Debug|Any CPU
		{59AE1125-1FEF-48EB-B903-20E53AE4A5B4}.Release|Any CPU.ActiveCfg = Release|Any CPU
		{59AE1125-1FEF-48EB-B903-20E53AE4A5B4}.Release|Any CPU.Build.0 = Release|Any CPU
	EndGlobalSection
	GlobalSection(SolutionProperties) = preSolution
		HideSolutionNode = FALSE
	EndGlobalSection
	GlobalSection(ExtensibilityGlobals) = postSolution
		SolutionGuid = {C40A73EB-7F22-4D24-A028-3800021B8AD9}
	EndGlobalSection
EndGlobal
